// !$*UTF8*$!
{
	archiveVersion = 1;
	classes = {
	};
	objectVersion = 55;
	objects = {

/* Begin PBXBuildFile section */
		8B01623D2800BE2A00E5F1C1 /* AlamofireAdapter.swift in Sources */ = {isa = PBXBuildFile; fileRef = 8B01623C2800BE2A00E5F1C1 /* AlamofireAdapter.swift */; };
		8B0162462800C2EB00E5F1C1 /* UseCasesIntegrationTests.swift in Sources */ = {isa = PBXBuildFile; fileRef = 8B0162452800C2EB00E5F1C1 /* UseCasesIntegrationTests.swift */; };
		8B0162472800C2EB00E5F1C1 /* Data.framework in Frameworks */ = {isa = PBXBuildFile; fileRef = 8B8D5EA127FC7EEB008D34D1 /* Data.framework */; };
		8B254BFE27FDE79A00B2E699 /* UrlProtocolStub.swift in Sources */ = {isa = PBXBuildFile; fileRef = 8B254BFD27FDE79A00B2E699 /* UrlProtocolStub.swift */; };
		8B88186427FC8ED200910B88 /* PokemonModel.swift in Sources */ = {isa = PBXBuildFile; fileRef = 8B88186327FC8ED200910B88 /* PokemonModel.swift */; };
		8B88186627FCA52800910B88 /* RemoteFetchPokemonData.swift in Sources */ = {isa = PBXBuildFile; fileRef = 8B88186527FCA52800910B88 /* RemoteFetchPokemonData.swift */; };
		8B88186827FCA59B00910B88 /* HttpGetClient.swift in Sources */ = {isa = PBXBuildFile; fileRef = 8B88186727FCA59B00910B88 /* HttpGetClient.swift */; };
		8B88187027FCA96100910B88 /* DomainError.swift in Sources */ = {isa = PBXBuildFile; fileRef = 8B88186F27FCA96100910B88 /* DomainError.swift */; };
		8B88187327FCAAEB00910B88 /* HttpError.swift in Sources */ = {isa = PBXBuildFile; fileRef = 8B88187227FCAAEB00910B88 /* HttpError.swift */; };
		8B88187527FCF3E000910B88 /* Model.swift in Sources */ = {isa = PBXBuildFile; fileRef = 8B88187427FCF3E000910B88 /* Model.swift */; };
		8B88187727FCF70100910B88 /* ExtensionHelpers.swift in Sources */ = {isa = PBXBuildFile; fileRef = 8B88187627FCF70100910B88 /* ExtensionHelpers.swift */; };
		8B88187A27FCFF8800910B88 /* TestExtensions.swift in Sources */ = {isa = PBXBuildFile; fileRef = 8B88187927FCFF8800910B88 /* TestExtensions.swift */; };
		8B88187C27FCFFAC00910B88 /* TestFactories.swift in Sources */ = {isa = PBXBuildFile; fileRef = 8B88187B27FCFFAC00910B88 /* TestFactories.swift */; };
		8B88187F27FD007300910B88 /* PokemonModelFactory.swift in Sources */ = {isa = PBXBuildFile; fileRef = 8B88187E27FD007300910B88 /* PokemonModelFactory.swift */; };
		8B88188127FD011600910B88 /* HttpClientSpy.swift in Sources */ = {isa = PBXBuildFile; fileRef = 8B88188027FD011600910B88 /* HttpClientSpy.swift */; };
		8B88189027FD03E200910B88 /* Infra.framework in Frameworks */ = {isa = PBXBuildFile; fileRef = 8B88188827FD03E200910B88 /* Infra.framework */; };
		8B88189527FD03E200910B88 /* AlamofireAdapterTests.swift in Sources */ = {isa = PBXBuildFile; fileRef = 8B88189427FD03E200910B88 /* AlamofireAdapterTests.swift */; };
		8B88189D27FD048800910B88 /* Data.framework in Frameworks */ = {isa = PBXBuildFile; fileRef = 8B8D5EA127FC7EEB008D34D1 /* Data.framework */; };
		8B88189E27FD048800910B88 /* Data.framework in Embed Frameworks */ = {isa = PBXBuildFile; fileRef = 8B8D5EA127FC7EEB008D34D1 /* Data.framework */; settings = {ATTRIBUTES = (CodeSignOnCopy, RemoveHeadersOnCopy, ); }; };
		8B8818A227FD04AD00910B88 /* TestFactories.swift in Sources */ = {isa = PBXBuildFile; fileRef = 8B88187B27FCFFAC00910B88 /* TestFactories.swift */; };
		8B8818A527FD053500910B88 /* Alamofire in Frameworks */ = {isa = PBXBuildFile; productRef = 8B8818A427FD053500910B88 /* Alamofire */; };
		8B8818A727FD1BAF00910B88 /* TestExtensions.swift in Sources */ = {isa = PBXBuildFile; fileRef = 8B88187927FCFF8800910B88 /* TestExtensions.swift */; };
		8B8818AA27FDE6AD00910B88 /* Alamofire in Frameworks */ = {isa = PBXBuildFile; productRef = 8B8818A927FDE6AD00910B88 /* Alamofire */; };
		8B8D5E9927FC797E008D34D1 /* FetchPokemonData.swift in Sources */ = {isa = PBXBuildFile; fileRef = 8B8D5E9827FC797E008D34D1 /* FetchPokemonData.swift */; };
		8B8D5EA927FC7EEC008D34D1 /* Data.framework in Frameworks */ = {isa = PBXBuildFile; fileRef = 8B8D5EA127FC7EEB008D34D1 /* Data.framework */; };
		8B8D5EAE27FC7EEC008D34D1 /* RemoteFetchPokemonDataTests.swift in Sources */ = {isa = PBXBuildFile; fileRef = 8B8D5EAD27FC7EEC008D34D1 /* RemoteFetchPokemonDataTests.swift */; };
		8B8D5EB727FC7F36008D34D1 /* Domain.framework in Frameworks */ = {isa = PBXBuildFile; fileRef = 8B8D5E9127FC78F8008D34D1 /* Domain.framework */; };
		8B8D5EB827FC7F36008D34D1 /* Domain.framework in Embed Frameworks */ = {isa = PBXBuildFile; fileRef = 8B8D5E9127FC78F8008D34D1 /* Domain.framework */; settings = {ATTRIBUTES = (CodeSignOnCopy, RemoveHeadersOnCopy, ); }; };
		8BDC6FB72818C388003E29DD /* Presentation.framework in Frameworks */ = {isa = PBXBuildFile; fileRef = 8BDC6FAF2818C388003E29DD /* Presentation.framework */; };
		8BDC6FBC2818C388003E29DD /* PokemonViewPresenterTests.swift in Sources */ = {isa = PBXBuildFile; fileRef = 8BDC6FBB2818C388003E29DD /* PokemonViewPresenterTests.swift */; };
/* End PBXBuildFile section */

/* Begin PBXContainerItemProxy section */
		8B0162482800C2EB00E5F1C1 /* PBXContainerItemProxy */ = {
			isa = PBXContainerItemProxy;
			containerPortal = 8B8D5E7927FC78A3008D34D1 /* Project object */;
			proxyType = 1;
			remoteGlobalIDString = 8B8D5EA027FC7EEB008D34D1;
			remoteInfo = Data;
		};
		8B01624D2800C30700E5F1C1 /* PBXContainerItemProxy */ = {
			isa = PBXContainerItemProxy;
			containerPortal = 8B8D5E7927FC78A3008D34D1 /* Project object */;
			proxyType = 1;
			remoteGlobalIDString = 8B8D5E9027FC78F8008D34D1;
			remoteInfo = Domain;
		};
		8B01624F2800C30700E5F1C1 /* PBXContainerItemProxy */ = {
			isa = PBXContainerItemProxy;
			containerPortal = 8B8D5E7927FC78A3008D34D1 /* Project object */;
			proxyType = 1;
			remoteGlobalIDString = 8B88188727FD03E200910B88;
			remoteInfo = Infra;
		};
		8B88189127FD03E200910B88 /* PBXContainerItemProxy */ = {
			isa = PBXContainerItemProxy;
			containerPortal = 8B8D5E7927FC78A3008D34D1 /* Project object */;
			proxyType = 1;
			remoteGlobalIDString = 8B88188727FD03E200910B88;
			remoteInfo = Infra;
		};
		8B88189F27FD048800910B88 /* PBXContainerItemProxy */ = {
			isa = PBXContainerItemProxy;
			containerPortal = 8B8D5E7927FC78A3008D34D1 /* Project object */;
			proxyType = 1;
			remoteGlobalIDString = 8B8D5EA027FC7EEB008D34D1;
			remoteInfo = Data;
		};
		8B8D5EAA27FC7EEC008D34D1 /* PBXContainerItemProxy */ = {
			isa = PBXContainerItemProxy;
			containerPortal = 8B8D5E7927FC78A3008D34D1 /* Project object */;
			proxyType = 1;
			remoteGlobalIDString = 8B8D5EA027FC7EEB008D34D1;
			remoteInfo = Data;
		};
		8B8D5EB927FC7F36008D34D1 /* PBXContainerItemProxy */ = {
			isa = PBXContainerItemProxy;
			containerPortal = 8B8D5E7927FC78A3008D34D1 /* Project object */;
			proxyType = 1;
			remoteGlobalIDString = 8B8D5E9027FC78F8008D34D1;
			remoteInfo = Domain;
		};
		8BDC6FB82818C388003E29DD /* PBXContainerItemProxy */ = {
			isa = PBXContainerItemProxy;
			containerPortal = 8B8D5E7927FC78A3008D34D1 /* Project object */;
			proxyType = 1;
			remoteGlobalIDString = 8BDC6FAE2818C388003E29DD;
			remoteInfo = Presentation;
		};
/* End PBXContainerItemProxy section */

/* Begin PBXCopyFilesBuildPhase section */
		8B8818A127FD048800910B88 /* Embed Frameworks */ = {
			isa = PBXCopyFilesBuildPhase;
			buildActionMask = 2147483647;
			dstPath = "";
			dstSubfolderSpec = 10;
			files = (
				8B88189E27FD048800910B88 /* Data.framework in Embed Frameworks */,
			);
			name = "Embed Frameworks";
			runOnlyForDeploymentPostprocessing = 0;
		};
		8B8D5EBB27FC7F36008D34D1 /* Embed Frameworks */ = {
			isa = PBXCopyFilesBuildPhase;
			buildActionMask = 2147483647;
			dstPath = "";
			dstSubfolderSpec = 10;
			files = (
				8B8D5EB827FC7F36008D34D1 /* Domain.framework in Embed Frameworks */,
			);
			name = "Embed Frameworks";
			runOnlyForDeploymentPostprocessing = 0;
		};
/* End PBXCopyFilesBuildPhase section */

/* Begin PBXFileReference section */
		8B01623C2800BE2A00E5F1C1 /* AlamofireAdapter.swift */ = {isa = PBXFileReference; lastKnownFileType = sourcecode.swift; path = AlamofireAdapter.swift; sourceTree = "<group>"; };
		8B0162432800C2EB00E5F1C1 /* UseCasesIntegrationTests.xctest */ = {isa = PBXFileReference; explicitFileType = wrapper.cfbundle; includeInIndex = 0; path = UseCasesIntegrationTests.xctest; sourceTree = BUILT_PRODUCTS_DIR; };
		8B0162452800C2EB00E5F1C1 /* UseCasesIntegrationTests.swift */ = {isa = PBXFileReference; lastKnownFileType = sourcecode.swift; path = UseCasesIntegrationTests.swift; sourceTree = "<group>"; };
		8B254BFD27FDE79A00B2E699 /* UrlProtocolStub.swift */ = {isa = PBXFileReference; lastKnownFileType = sourcecode.swift; path = UrlProtocolStub.swift; sourceTree = "<group>"; };
		8B88186327FC8ED200910B88 /* PokemonModel.swift */ = {isa = PBXFileReference; lastKnownFileType = sourcecode.swift; path = PokemonModel.swift; sourceTree = "<group>"; };
		8B88186527FCA52800910B88 /* RemoteFetchPokemonData.swift */ = {isa = PBXFileReference; lastKnownFileType = sourcecode.swift; path = RemoteFetchPokemonData.swift; sourceTree = "<group>"; };
		8B88186727FCA59B00910B88 /* HttpGetClient.swift */ = {isa = PBXFileReference; lastKnownFileType = sourcecode.swift; path = HttpGetClient.swift; sourceTree = "<group>"; };
		8B88186F27FCA96100910B88 /* DomainError.swift */ = {isa = PBXFileReference; lastKnownFileType = sourcecode.swift; path = DomainError.swift; sourceTree = "<group>"; };
		8B88187227FCAAEB00910B88 /* HttpError.swift */ = {isa = PBXFileReference; lastKnownFileType = sourcecode.swift; path = HttpError.swift; sourceTree = "<group>"; };
		8B88187427FCF3E000910B88 /* Model.swift */ = {isa = PBXFileReference; lastKnownFileType = sourcecode.swift; path = Model.swift; sourceTree = "<group>"; };
		8B88187627FCF70100910B88 /* ExtensionHelpers.swift */ = {isa = PBXFileReference; lastKnownFileType = sourcecode.swift; path = ExtensionHelpers.swift; sourceTree = "<group>"; };
		8B88187927FCFF8800910B88 /* TestExtensions.swift */ = {isa = PBXFileReference; lastKnownFileType = sourcecode.swift; path = TestExtensions.swift; sourceTree = "<group>"; };
		8B88187B27FCFFAC00910B88 /* TestFactories.swift */ = {isa = PBXFileReference; lastKnownFileType = sourcecode.swift; path = TestFactories.swift; sourceTree = "<group>"; };
		8B88187E27FD007300910B88 /* PokemonModelFactory.swift */ = {isa = PBXFileReference; lastKnownFileType = sourcecode.swift; path = PokemonModelFactory.swift; sourceTree = "<group>"; };
		8B88188027FD011600910B88 /* HttpClientSpy.swift */ = {isa = PBXFileReference; lastKnownFileType = sourcecode.swift; path = HttpClientSpy.swift; sourceTree = "<group>"; };
		8B88188827FD03E200910B88 /* Infra.framework */ = {isa = PBXFileReference; explicitFileType = wrapper.framework; includeInIndex = 0; path = Infra.framework; sourceTree = BUILT_PRODUCTS_DIR; };
		8B88188F27FD03E200910B88 /* InfraTests.xctest */ = {isa = PBXFileReference; explicitFileType = wrapper.cfbundle; includeInIndex = 0; path = InfraTests.xctest; sourceTree = BUILT_PRODUCTS_DIR; };
		8B88189427FD03E200910B88 /* AlamofireAdapterTests.swift */ = {isa = PBXFileReference; lastKnownFileType = sourcecode.swift; path = AlamofireAdapterTests.swift; sourceTree = "<group>"; };
		8B8D5E9127FC78F8008D34D1 /* Domain.framework */ = {isa = PBXFileReference; explicitFileType = wrapper.framework; includeInIndex = 0; path = Domain.framework; sourceTree = BUILT_PRODUCTS_DIR; };
		8B8D5E9827FC797E008D34D1 /* FetchPokemonData.swift */ = {isa = PBXFileReference; lastKnownFileType = sourcecode.swift; path = FetchPokemonData.swift; sourceTree = "<group>"; };
		8B8D5EA127FC7EEB008D34D1 /* Data.framework */ = {isa = PBXFileReference; explicitFileType = wrapper.framework; includeInIndex = 0; path = Data.framework; sourceTree = BUILT_PRODUCTS_DIR; };
		8B8D5EA827FC7EEC008D34D1 /* DataTests.xctest */ = {isa = PBXFileReference; explicitFileType = wrapper.cfbundle; includeInIndex = 0; path = DataTests.xctest; sourceTree = BUILT_PRODUCTS_DIR; };
		8B8D5EAD27FC7EEC008D34D1 /* RemoteFetchPokemonDataTests.swift */ = {isa = PBXFileReference; lastKnownFileType = sourcecode.swift; path = RemoteFetchPokemonDataTests.swift; sourceTree = "<group>"; };
		8BDC6FAF2818C388003E29DD /* Presentation.framework */ = {isa = PBXFileReference; explicitFileType = wrapper.framework; includeInIndex = 0; path = Presentation.framework; sourceTree = BUILT_PRODUCTS_DIR; };
		8BDC6FB62818C388003E29DD /* PresentationTests.xctest */ = {isa = PBXFileReference; explicitFileType = wrapper.cfbundle; includeInIndex = 0; path = PresentationTests.xctest; sourceTree = BUILT_PRODUCTS_DIR; };
		8BDC6FBB2818C388003E29DD /* PokemonViewPresenterTests.swift */ = {isa = PBXFileReference; lastKnownFileType = sourcecode.swift; path = PokemonViewPresenterTests.swift; sourceTree = "<group>"; };
/* End PBXFileReference section */

/* Begin PBXFrameworksBuildPhase section */
		8B0162402800C2EB00E5F1C1 /* Frameworks */ = {
			isa = PBXFrameworksBuildPhase;
			buildActionMask = 2147483647;
			files = (
				8B0162472800C2EB00E5F1C1 /* Data.framework in Frameworks */,
			);
			runOnlyForDeploymentPostprocessing = 0;
		};
		8B88188527FD03E200910B88 /* Frameworks */ = {
			isa = PBXFrameworksBuildPhase;
			buildActionMask = 2147483647;
			files = (
				8B88189D27FD048800910B88 /* Data.framework in Frameworks */,
				8B8818AA27FDE6AD00910B88 /* Alamofire in Frameworks */,
			);
			runOnlyForDeploymentPostprocessing = 0;
		};
		8B88188C27FD03E200910B88 /* Frameworks */ = {
			isa = PBXFrameworksBuildPhase;
			buildActionMask = 2147483647;
			files = (
				8B88189027FD03E200910B88 /* Infra.framework in Frameworks */,
			);
			runOnlyForDeploymentPostprocessing = 0;
		};
		8B8D5E8E27FC78F8008D34D1 /* Frameworks */ = {
			isa = PBXFrameworksBuildPhase;
			buildActionMask = 2147483647;
			files = (
				8B8818A527FD053500910B88 /* Alamofire in Frameworks */,
			);
			runOnlyForDeploymentPostprocessing = 0;
		};
		8B8D5E9E27FC7EEB008D34D1 /* Frameworks */ = {
			isa = PBXFrameworksBuildPhase;
			buildActionMask = 2147483647;
			files = (
				8B8D5EB727FC7F36008D34D1 /* Domain.framework in Frameworks */,
			);
			runOnlyForDeploymentPostprocessing = 0;
		};
		8B8D5EA527FC7EEC008D34D1 /* Frameworks */ = {
			isa = PBXFrameworksBuildPhase;
			buildActionMask = 2147483647;
			files = (
				8B8D5EA927FC7EEC008D34D1 /* Data.framework in Frameworks */,
			);
			runOnlyForDeploymentPostprocessing = 0;
		};
		8BDC6FAC2818C388003E29DD /* Frameworks */ = {
			isa = PBXFrameworksBuildPhase;
			buildActionMask = 2147483647;
			files = (
			);
			runOnlyForDeploymentPostprocessing = 0;
		};
		8BDC6FB32818C388003E29DD /* Frameworks */ = {
			isa = PBXFrameworksBuildPhase;
			buildActionMask = 2147483647;
			files = (
				8BDC6FB72818C388003E29DD /* Presentation.framework in Frameworks */,
			);
			runOnlyForDeploymentPostprocessing = 0;
		};
/* End PBXFrameworksBuildPhase section */

/* Begin PBXGroup section */
		8B01623E2800BEDF00E5F1C1 /* Http */ = {
			isa = PBXGroup;
			children = (
				8B01623C2800BE2A00E5F1C1 /* AlamofireAdapter.swift */,
			);
			path = Http;
			sourceTree = "<group>";
		};
		8B0162442800C2EB00E5F1C1 /* UseCasesIntegrationTests */ = {
			isa = PBXGroup;
			children = (
				8B0162452800C2EB00E5F1C1 /* UseCasesIntegrationTests.swift */,
			);
			path = UseCasesIntegrationTests;
			sourceTree = "<group>";
		};
		8B88186A27FCA62700910B88 /* UseCases */ = {
			isa = PBXGroup;
			children = (
				8B8D5E9827FC797E008D34D1 /* FetchPokemonData.swift */,
			);
			path = UseCases;
			sourceTree = "<group>";
		};
		8B88186B27FCA63500910B88 /* Models */ = {
			isa = PBXGroup;
			children = (
				8B88186327FC8ED200910B88 /* PokemonModel.swift */,
				8B88187427FCF3E000910B88 /* Model.swift */,
			);
			path = Models;
			sourceTree = "<group>";
		};
		8B88186C27FCA64E00910B88 /* UseCases */ = {
			isa = PBXGroup;
			children = (
				8B88186527FCA52800910B88 /* RemoteFetchPokemonData.swift */,
			);
			path = UseCases;
			sourceTree = "<group>";
		};
		8B88186D27FCA65C00910B88 /* Http */ = {
			isa = PBXGroup;
			children = (
				8B88186727FCA59B00910B88 /* HttpGetClient.swift */,
				8B88187227FCAAEB00910B88 /* HttpError.swift */,
			);
			path = Http;
			sourceTree = "<group>";
		};
		8B88186E27FCA66C00910B88 /* UseCases */ = {
			isa = PBXGroup;
			children = (
				8B8D5EAD27FC7EEC008D34D1 /* RemoteFetchPokemonDataTests.swift */,
			);
			path = UseCases;
			sourceTree = "<group>";
		};
		8B88187127FCA96400910B88 /* Errors */ = {
			isa = PBXGroup;
			children = (
				8B88186F27FCA96100910B88 /* DomainError.swift */,
			);
			path = Errors;
			sourceTree = "<group>";
		};
		8B88187827FCF71000910B88 /* Helpers */ = {
			isa = PBXGroup;
			children = (
				8B88187627FCF70100910B88 /* ExtensionHelpers.swift */,
			);
			path = Helpers;
			sourceTree = "<group>";
		};
		8B88187D27FCFFC400910B88 /* Helpers */ = {
			isa = PBXGroup;
			children = (
				8B88187927FCFF8800910B88 /* TestExtensions.swift */,
				8B88187B27FCFFAC00910B88 /* TestFactories.swift */,
				8B88187E27FD007300910B88 /* PokemonModelFactory.swift */,
			);
			path = Helpers;
			sourceTree = "<group>";
		};
		8B88188227FD011900910B88 /* Http */ = {
			isa = PBXGroup;
			children = (
				8B88188027FD011600910B88 /* HttpClientSpy.swift */,
			);
			path = Http;
			sourceTree = "<group>";
		};
		8B88188927FD03E200910B88 /* Infra */ = {
			isa = PBXGroup;
			children = (
				8B01623E2800BEDF00E5F1C1 /* Http */,
			);
			path = Infra;
			sourceTree = "<group>";
		};
		8B88189327FD03E200910B88 /* InfraTests */ = {
			isa = PBXGroup;
			children = (
				8B8818A627FD068D00910B88 /* Http */,
			);
			path = InfraTests;
			sourceTree = "<group>";
		};
		8B8818A627FD068D00910B88 /* Http */ = {
			isa = PBXGroup;
			children = (
				8B88189427FD03E200910B88 /* AlamofireAdapterTests.swift */,
				8B254BFD27FDE79A00B2E699 /* UrlProtocolStub.swift */,
			);
			path = Http;
			sourceTree = "<group>";
		};
		8B8D5E7827FC78A3008D34D1 = {
			isa = PBXGroup;
			children = (
				8B8D5E9227FC78F8008D34D1 /* Domain */,
				8B8D5EA227FC7EEB008D34D1 /* Data */,
				8B8D5EAC27FC7EEC008D34D1 /* DataTests */,
				8B88188927FD03E200910B88 /* Infra */,
				8B88189327FD03E200910B88 /* InfraTests */,
				8B0162442800C2EB00E5F1C1 /* UseCasesIntegrationTests */,
				8BDC6FB02818C388003E29DD /* Presentation */,
				8BDC6FBA2818C388003E29DD /* PresentationTests */,
				8B8D5E8327FC78A3008D34D1 /* Products */,
				8B8D5EB627FC7F36008D34D1 /* Frameworks */,
			);
			sourceTree = "<group>";
		};
		8B8D5E8327FC78A3008D34D1 /* Products */ = {
			isa = PBXGroup;
			children = (
				8B8D5E9127FC78F8008D34D1 /* Domain.framework */,
				8B8D5EA127FC7EEB008D34D1 /* Data.framework */,
				8B8D5EA827FC7EEC008D34D1 /* DataTests.xctest */,
				8B88188827FD03E200910B88 /* Infra.framework */,
				8B88188F27FD03E200910B88 /* InfraTests.xctest */,
				8B0162432800C2EB00E5F1C1 /* UseCasesIntegrationTests.xctest */,
				8BDC6FAF2818C388003E29DD /* Presentation.framework */,
				8BDC6FB62818C388003E29DD /* PresentationTests.xctest */,
			);
			name = Products;
			sourceTree = "<group>";
		};
		8B8D5E9227FC78F8008D34D1 /* Domain */ = {
			isa = PBXGroup;
			children = (
				8B88186A27FCA62700910B88 /* UseCases */,
				8B88186B27FCA63500910B88 /* Models */,
				8B88187127FCA96400910B88 /* Errors */,
			);
			path = Domain;
			sourceTree = "<group>";
		};
		8B8D5EA227FC7EEB008D34D1 /* Data */ = {
			isa = PBXGroup;
			children = (
				8B88186C27FCA64E00910B88 /* UseCases */,
				8B88186D27FCA65C00910B88 /* Http */,
				8B88187827FCF71000910B88 /* Helpers */,
			);
			path = Data;
			sourceTree = "<group>";
		};
		8B8D5EAC27FC7EEC008D34D1 /* DataTests */ = {
			isa = PBXGroup;
			children = (
				8B88187D27FCFFC400910B88 /* Helpers */,
				8B88188227FD011900910B88 /* Http */,
				8B88186E27FCA66C00910B88 /* UseCases */,
			);
			path = DataTests;
			sourceTree = "<group>";
		};
		8B8D5EB627FC7F36008D34D1 /* Frameworks */ = {
			isa = PBXGroup;
			children = (
			);
			name = Frameworks;
			sourceTree = "<group>";
		};
		8BDC6FB02818C388003E29DD /* Presentation */ = {
			isa = PBXGroup;
			children = (
			);
			path = Presentation;
			sourceTree = "<group>";
		};
		8BDC6FBA2818C388003E29DD /* PresentationTests */ = {
			isa = PBXGroup;
			children = (
				8BDC6FBB2818C388003E29DD /* PokemonViewPresenterTests.swift */,
			);
			path = PresentationTests;
			sourceTree = "<group>";
		};
/* End PBXGroup section */

/* Begin PBXHeadersBuildPhase section */
		8B88188327FD03E200910B88 /* Headers */ = {
			isa = PBXHeadersBuildPhase;
			buildActionMask = 2147483647;
			files = (
			);
			runOnlyForDeploymentPostprocessing = 0;
		};
		8B8D5E8C27FC78F8008D34D1 /* Headers */ = {
			isa = PBXHeadersBuildPhase;
			buildActionMask = 2147483647;
			files = (
			);
			runOnlyForDeploymentPostprocessing = 0;
		};
		8B8D5E9C27FC7EEB008D34D1 /* Headers */ = {
			isa = PBXHeadersBuildPhase;
			buildActionMask = 2147483647;
			files = (
			);
			runOnlyForDeploymentPostprocessing = 0;
		};
		8BDC6FAA2818C388003E29DD /* Headers */ = {
			isa = PBXHeadersBuildPhase;
			buildActionMask = 2147483647;
			files = (
			);
			runOnlyForDeploymentPostprocessing = 0;
		};
/* End PBXHeadersBuildPhase section */

/* Begin PBXNativeTarget section */
		8B0162422800C2EB00E5F1C1 /* UseCasesIntegrationTests */ = {
			isa = PBXNativeTarget;
			buildConfigurationList = 8B01624A2800C2EB00E5F1C1 /* Build configuration list for PBXNativeTarget "UseCasesIntegrationTests" */;
			buildPhases = (
				8B01623F2800C2EB00E5F1C1 /* Sources */,
				8B0162402800C2EB00E5F1C1 /* Frameworks */,
				8B0162412800C2EB00E5F1C1 /* Resources */,
			);
			buildRules = (
			);
			dependencies = (
				8B01624E2800C30700E5F1C1 /* PBXTargetDependency */,
				8B0162502800C30700E5F1C1 /* PBXTargetDependency */,
				8B0162492800C2EB00E5F1C1 /* PBXTargetDependency */,
			);
			name = UseCasesIntegrationTests;
			productName = UseCasesIntegrationTests;
			productReference = 8B0162432800C2EB00E5F1C1 /* UseCasesIntegrationTests.xctest */;
			productType = "com.apple.product-type.bundle.unit-test";
		};
		8B88188727FD03E200910B88 /* Infra */ = {
			isa = PBXNativeTarget;
			buildConfigurationList = 8B88189727FD03E200910B88 /* Build configuration list for PBXNativeTarget "Infra" */;
			buildPhases = (
				8B88188327FD03E200910B88 /* Headers */,
				8B88188427FD03E200910B88 /* Sources */,
				8B88188527FD03E200910B88 /* Frameworks */,
				8B88188627FD03E200910B88 /* Resources */,
				8B8818A127FD048800910B88 /* Embed Frameworks */,
			);
			buildRules = (
			);
			dependencies = (
				8B8818A027FD048800910B88 /* PBXTargetDependency */,
			);
			name = Infra;
			packageProductDependencies = (
				8B8818A927FDE6AD00910B88 /* Alamofire */,
			);
			productName = Infra;
			productReference = 8B88188827FD03E200910B88 /* Infra.framework */;
			productType = "com.apple.product-type.framework";
		};
		8B88188E27FD03E200910B88 /* InfraTests */ = {
			isa = PBXNativeTarget;
			buildConfigurationList = 8B88189A27FD03E200910B88 /* Build configuration list for PBXNativeTarget "InfraTests" */;
			buildPhases = (
				8B88188B27FD03E200910B88 /* Sources */,
				8B88188C27FD03E200910B88 /* Frameworks */,
				8B88188D27FD03E200910B88 /* Resources */,
			);
			buildRules = (
			);
			dependencies = (
				8B88189227FD03E200910B88 /* PBXTargetDependency */,
			);
			name = InfraTests;
			productName = InfraTests;
			productReference = 8B88188F27FD03E200910B88 /* InfraTests.xctest */;
			productType = "com.apple.product-type.bundle.unit-test";
		};
		8B8D5E9027FC78F8008D34D1 /* Domain */ = {
			isa = PBXNativeTarget;
			buildConfigurationList = 8B8D5E9527FC78F8008D34D1 /* Build configuration list for PBXNativeTarget "Domain" */;
			buildPhases = (
				8B8D5E8C27FC78F8008D34D1 /* Headers */,
				8B8D5E8D27FC78F8008D34D1 /* Sources */,
				8B8D5E8E27FC78F8008D34D1 /* Frameworks */,
				8B8D5E8F27FC78F8008D34D1 /* Resources */,
			);
			buildRules = (
			);
			dependencies = (
			);
			name = Domain;
			packageProductDependencies = (
				8B8818A427FD053500910B88 /* Alamofire */,
			);
			productName = Domain;
			productReference = 8B8D5E9127FC78F8008D34D1 /* Domain.framework */;
			productType = "com.apple.product-type.framework";
		};
		8B8D5EA027FC7EEB008D34D1 /* Data */ = {
			isa = PBXNativeTarget;
			buildConfigurationList = 8B8D5EB027FC7EEC008D34D1 /* Build configuration list for PBXNativeTarget "Data" */;
			buildPhases = (
				8B8D5E9C27FC7EEB008D34D1 /* Headers */,
				8B8D5E9D27FC7EEB008D34D1 /* Sources */,
				8B8D5E9E27FC7EEB008D34D1 /* Frameworks */,
				8B8D5E9F27FC7EEB008D34D1 /* Resources */,
				8B8D5EBB27FC7F36008D34D1 /* Embed Frameworks */,
			);
			buildRules = (
			);
			dependencies = (
				8B8D5EBA27FC7F36008D34D1 /* PBXTargetDependency */,
			);
			name = Data;
			productName = Data;
			productReference = 8B8D5EA127FC7EEB008D34D1 /* Data.framework */;
			productType = "com.apple.product-type.framework";
		};
		8B8D5EA727FC7EEC008D34D1 /* DataTests */ = {
			isa = PBXNativeTarget;
			buildConfigurationList = 8B8D5EB327FC7EEC008D34D1 /* Build configuration list for PBXNativeTarget "DataTests" */;
			buildPhases = (
				8B8D5EA427FC7EEC008D34D1 /* Sources */,
				8B8D5EA527FC7EEC008D34D1 /* Frameworks */,
				8B8D5EA627FC7EEC008D34D1 /* Resources */,
			);
			buildRules = (
			);
			dependencies = (
				8B8D5EAB27FC7EEC008D34D1 /* PBXTargetDependency */,
			);
			name = DataTests;
			productName = DataTests;
			productReference = 8B8D5EA827FC7EEC008D34D1 /* DataTests.xctest */;
			productType = "com.apple.product-type.bundle.unit-test";
		};
		8BDC6FAE2818C388003E29DD /* Presentation */ = {
			isa = PBXNativeTarget;
			buildConfigurationList = 8BDC6FC22818C388003E29DD /* Build configuration list for PBXNativeTarget "Presentation" */;
			buildPhases = (
				8BDC6FAA2818C388003E29DD /* Headers */,
				8BDC6FAB2818C388003E29DD /* Sources */,
				8BDC6FAC2818C388003E29DD /* Frameworks */,
				8BDC6FAD2818C388003E29DD /* Resources */,
			);
			buildRules = (
			);
			dependencies = (
			);
			name = Presentation;
			productName = Presentation;
			productReference = 8BDC6FAF2818C388003E29DD /* Presentation.framework */;
			productType = "com.apple.product-type.framework";
		};
		8BDC6FB52818C388003E29DD /* PresentationTests */ = {
			isa = PBXNativeTarget;
			buildConfigurationList = 8BDC6FC32818C388003E29DD /* Build configuration list for PBXNativeTarget "PresentationTests" */;
			buildPhases = (
				8BDC6FB22818C388003E29DD /* Sources */,
				8BDC6FB32818C388003E29DD /* Frameworks */,
				8BDC6FB42818C388003E29DD /* Resources */,
			);
			buildRules = (
			);
			dependencies = (
				8BDC6FB92818C388003E29DD /* PBXTargetDependency */,
			);
			name = PresentationTests;
			productName = PresentationTests;
			productReference = 8BDC6FB62818C388003E29DD /* PresentationTests.xctest */;
			productType = "com.apple.product-type.bundle.unit-test";
		};
/* End PBXNativeTarget section */

/* Begin PBXProject section */
		8B8D5E7927FC78A3008D34D1 /* Project object */ = {
			isa = PBXProject;
			attributes = {
				BuildIndependentTargetsInParallel = 1;
				LastSwiftUpdateCheck = 1330;
				LastUpgradeCheck = 1330;
				TargetAttributes = {
					8B0162422800C2EB00E5F1C1 = {
						CreatedOnToolsVersion = 13.3;
					};
					8B88188727FD03E200910B88 = {
						CreatedOnToolsVersion = 13.3;
						LastSwiftMigration = 1330;
					};
					8B88188E27FD03E200910B88 = {
						CreatedOnToolsVersion = 13.3;
					};
					8B8D5E9027FC78F8008D34D1 = {
						CreatedOnToolsVersion = 13.3;
						LastSwiftMigration = 1330;
					};
					8B8D5EA027FC7EEB008D34D1 = {
						CreatedOnToolsVersion = 13.3;
						LastSwiftMigration = 1330;
					};
					8B8D5EA727FC7EEC008D34D1 = {
						CreatedOnToolsVersion = 13.3;
					};
					8BDC6FAE2818C388003E29DD = {
						CreatedOnToolsVersion = 13.3;
					};
					8BDC6FB52818C388003E29DD = {
						CreatedOnToolsVersion = 13.3;
					};
				};
			};
			buildConfigurationList = 8B8D5E7C27FC78A3008D34D1 /* Build configuration list for PBXProject "PokemonApp" */;
			compatibilityVersion = "Xcode 13.0";
			developmentRegion = en;
			hasScannedForEncodings = 0;
			knownRegions = (
				en,
				Base,
			);
			mainGroup = 8B8D5E7827FC78A3008D34D1;
			packageReferences = (
				8B8818A327FD053500910B88 /* XCRemoteSwiftPackageReference "Alamofire" */,
				8B8818A827FDE6AD00910B88 /* XCRemoteSwiftPackageReference "Alamofire" */,
			);
			productRefGroup = 8B8D5E8327FC78A3008D34D1 /* Products */;
			projectDirPath = "";
			projectRoot = "";
			targets = (
				8B8D5E9027FC78F8008D34D1 /* Domain */,
				8B8D5EA027FC7EEB008D34D1 /* Data */,
				8B8D5EA727FC7EEC008D34D1 /* DataTests */,
				8B88188727FD03E200910B88 /* Infra */,
				8B88188E27FD03E200910B88 /* InfraTests */,
				8B0162422800C2EB00E5F1C1 /* UseCasesIntegrationTests */,
				8BDC6FAE2818C388003E29DD /* Presentation */,
				8BDC6FB52818C388003E29DD /* PresentationTests */,
			);
		};
/* End PBXProject section */

/* Begin PBXResourcesBuildPhase section */
		8B0162412800C2EB00E5F1C1 /* Resources */ = {
			isa = PBXResourcesBuildPhase;
			buildActionMask = 2147483647;
			files = (
			);
			runOnlyForDeploymentPostprocessing = 0;
		};
		8B88188627FD03E200910B88 /* Resources */ = {
			isa = PBXResourcesBuildPhase;
			buildActionMask = 2147483647;
			files = (
			);
			runOnlyForDeploymentPostprocessing = 0;
		};
		8B88188D27FD03E200910B88 /* Resources */ = {
			isa = PBXResourcesBuildPhase;
			buildActionMask = 2147483647;
			files = (
			);
			runOnlyForDeploymentPostprocessing = 0;
		};
		8B8D5E8F27FC78F8008D34D1 /* Resources */ = {
			isa = PBXResourcesBuildPhase;
			buildActionMask = 2147483647;
			files = (
			);
			runOnlyForDeploymentPostprocessing = 0;
		};
		8B8D5E9F27FC7EEB008D34D1 /* Resources */ = {
			isa = PBXResourcesBuildPhase;
			buildActionMask = 2147483647;
			files = (
			);
			runOnlyForDeploymentPostprocessing = 0;
		};
		8B8D5EA627FC7EEC008D34D1 /* Resources */ = {
			isa = PBXResourcesBuildPhase;
			buildActionMask = 2147483647;
			files = (
			);
			runOnlyForDeploymentPostprocessing = 0;
		};
		8BDC6FAD2818C388003E29DD /* Resources */ = {
			isa = PBXResourcesBuildPhase;
			buildActionMask = 2147483647;
			files = (
			);
			runOnlyForDeploymentPostprocessing = 0;
		};
		8BDC6FB42818C388003E29DD /* Resources */ = {
			isa = PBXResourcesBuildPhase;
			buildActionMask = 2147483647;
			files = (
			);
			runOnlyForDeploymentPostprocessing = 0;
		};
/* End PBXResourcesBuildPhase section */

/* Begin PBXSourcesBuildPhase section */
		8B01623F2800C2EB00E5F1C1 /* Sources */ = {
			isa = PBXSourcesBuildPhase;
			buildActionMask = 2147483647;
			files = (
				8B0162462800C2EB00E5F1C1 /* UseCasesIntegrationTests.swift in Sources */,
			);
			runOnlyForDeploymentPostprocessing = 0;
		};
		8B88188427FD03E200910B88 /* Sources */ = {
			isa = PBXSourcesBuildPhase;
			buildActionMask = 2147483647;
			files = (
				8B01623D2800BE2A00E5F1C1 /* AlamofireAdapter.swift in Sources */,
			);
			runOnlyForDeploymentPostprocessing = 0;
		};
		8B88188B27FD03E200910B88 /* Sources */ = {
			isa = PBXSourcesBuildPhase;
			buildActionMask = 2147483647;
			files = (
				8B8818A227FD04AD00910B88 /* TestFactories.swift in Sources */,
				8B8818A727FD1BAF00910B88 /* TestExtensions.swift in Sources */,
				8B88189527FD03E200910B88 /* AlamofireAdapterTests.swift in Sources */,
				8B254BFE27FDE79A00B2E699 /* UrlProtocolStub.swift in Sources */,
			);
			runOnlyForDeploymentPostprocessing = 0;
		};
		8B8D5E8D27FC78F8008D34D1 /* Sources */ = {
			isa = PBXSourcesBuildPhase;
			buildActionMask = 2147483647;
			files = (
				8B8D5E9927FC797E008D34D1 /* FetchPokemonData.swift in Sources */,
				8B88187027FCA96100910B88 /* DomainError.swift in Sources */,
				8B88186427FC8ED200910B88 /* PokemonModel.swift in Sources */,
				8B88187527FCF3E000910B88 /* Model.swift in Sources */,
			);
			runOnlyForDeploymentPostprocessing = 0;
		};
		8B8D5E9D27FC7EEB008D34D1 /* Sources */ = {
			isa = PBXSourcesBuildPhase;
			buildActionMask = 2147483647;
			files = (
				8B88186627FCA52800910B88 /* RemoteFetchPokemonData.swift in Sources */,
				8B88187727FCF70100910B88 /* ExtensionHelpers.swift in Sources */,
				8B88187327FCAAEB00910B88 /* HttpError.swift in Sources */,
				8B88186827FCA59B00910B88 /* HttpGetClient.swift in Sources */,
			);
			runOnlyForDeploymentPostprocessing = 0;
		};
		8B8D5EA427FC7EEC008D34D1 /* Sources */ = {
			isa = PBXSourcesBuildPhase;
			buildActionMask = 2147483647;
			files = (
				8B88187C27FCFFAC00910B88 /* TestFactories.swift in Sources */,
				8B8D5EAE27FC7EEC008D34D1 /* RemoteFetchPokemonDataTests.swift in Sources */,
				8B88188127FD011600910B88 /* HttpClientSpy.swift in Sources */,
				8B88187F27FD007300910B88 /* PokemonModelFactory.swift in Sources */,
				8B88187A27FCFF8800910B88 /* TestExtensions.swift in Sources */,
			);
			runOnlyForDeploymentPostprocessing = 0;
		};
		8BDC6FAB2818C388003E29DD /* Sources */ = {
			isa = PBXSourcesBuildPhase;
			buildActionMask = 2147483647;
			files = (
			);
			runOnlyForDeploymentPostprocessing = 0;
		};
		8BDC6FB22818C388003E29DD /* Sources */ = {
			isa = PBXSourcesBuildPhase;
			buildActionMask = 2147483647;
			files = (
				8BDC6FBC2818C388003E29DD /* PokemonViewPresenterTests.swift in Sources */,
			);
			runOnlyForDeploymentPostprocessing = 0;
		};
/* End PBXSourcesBuildPhase section */

/* Begin PBXTargetDependency section */
		8B0162492800C2EB00E5F1C1 /* PBXTargetDependency */ = {
			isa = PBXTargetDependency;
			target = 8B8D5EA027FC7EEB008D34D1 /* Data */;
			targetProxy = 8B0162482800C2EB00E5F1C1 /* PBXContainerItemProxy */;
		};
		8B01624E2800C30700E5F1C1 /* PBXTargetDependency */ = {
			isa = PBXTargetDependency;
			target = 8B8D5E9027FC78F8008D34D1 /* Domain */;
			targetProxy = 8B01624D2800C30700E5F1C1 /* PBXContainerItemProxy */;
		};
		8B0162502800C30700E5F1C1 /* PBXTargetDependency */ = {
			isa = PBXTargetDependency;
			target = 8B88188727FD03E200910B88 /* Infra */;
			targetProxy = 8B01624F2800C30700E5F1C1 /* PBXContainerItemProxy */;
		};
		8B88189227FD03E200910B88 /* PBXTargetDependency */ = {
			isa = PBXTargetDependency;
			target = 8B88188727FD03E200910B88 /* Infra */;
			targetProxy = 8B88189127FD03E200910B88 /* PBXContainerItemProxy */;
		};
		8B8818A027FD048800910B88 /* PBXTargetDependency */ = {
			isa = PBXTargetDependency;
			target = 8B8D5EA027FC7EEB008D34D1 /* Data */;
			targetProxy = 8B88189F27FD048800910B88 /* PBXContainerItemProxy */;
		};
		8B8D5EAB27FC7EEC008D34D1 /* PBXTargetDependency */ = {
			isa = PBXTargetDependency;
			target = 8B8D5EA027FC7EEB008D34D1 /* Data */;
			targetProxy = 8B8D5EAA27FC7EEC008D34D1 /* PBXContainerItemProxy */;
		};
		8B8D5EBA27FC7F36008D34D1 /* PBXTargetDependency */ = {
			isa = PBXTargetDependency;
			target = 8B8D5E9027FC78F8008D34D1 /* Domain */;
			targetProxy = 8B8D5EB927FC7F36008D34D1 /* PBXContainerItemProxy */;
		};
		8BDC6FB92818C388003E29DD /* PBXTargetDependency */ = {
			isa = PBXTargetDependency;
			target = 8BDC6FAE2818C388003E29DD /* Presentation */;
			targetProxy = 8BDC6FB82818C388003E29DD /* PBXContainerItemProxy */;
		};
/* End PBXTargetDependency section */

/* Begin XCBuildConfiguration section */
		8B01624B2800C2EB00E5F1C1 /* Debug */ = {
			isa = XCBuildConfiguration;
			buildSettings = {
				CODE_SIGN_STYLE = Automatic;
				CURRENT_PROJECT_VERSION = 1;
				GENERATE_INFOPLIST_FILE = YES;
				MACOSX_DEPLOYMENT_TARGET = 12.3;
				MARKETING_VERSION = 1.0;
				PRODUCT_BUNDLE_IDENTIFIER = com.pokedex.app.UseCasesIntegrationTests;
				PRODUCT_NAME = "$(TARGET_NAME)";
				SDKROOT = macosx;
				SWIFT_EMIT_LOC_STRINGS = NO;
				SWIFT_VERSION = 5.0;
			};
			name = Debug;
		};
		8B01624C2800C2EB00E5F1C1 /* Release */ = {
			isa = XCBuildConfiguration;
			buildSettings = {
				CODE_SIGN_STYLE = Automatic;
				CURRENT_PROJECT_VERSION = 1;
				GENERATE_INFOPLIST_FILE = YES;
				MACOSX_DEPLOYMENT_TARGET = 12.3;
				MARKETING_VERSION = 1.0;
				PRODUCT_BUNDLE_IDENTIFIER = com.pokedex.app.UseCasesIntegrationTests;
				PRODUCT_NAME = "$(TARGET_NAME)";
				SDKROOT = macosx;
				SWIFT_EMIT_LOC_STRINGS = NO;
				SWIFT_VERSION = 5.0;
			};
			name = Release;
		};
		8B88189827FD03E200910B88 /* Debug */ = {
			isa = XCBuildConfiguration;
			buildSettings = {
				CLANG_ENABLE_MODULES = YES;
				CODE_SIGN_STYLE = Automatic;
				COMBINE_HIDPI_IMAGES = YES;
				CURRENT_PROJECT_VERSION = 1;
				DEFINES_MODULE = YES;
				DYLIB_COMPATIBILITY_VERSION = 1;
				DYLIB_CURRENT_VERSION = 1;
				DYLIB_INSTALL_NAME_BASE = "@rpath";
				GENERATE_INFOPLIST_FILE = YES;
				INFOPLIST_KEY_NSHumanReadableCopyright = "";
				INSTALL_PATH = "$(LOCAL_LIBRARY_DIR)/Frameworks";
				LD_RUNPATH_SEARCH_PATHS = (
					"$(inherited)",
					"@executable_path/../Frameworks",
					"@loader_path/Frameworks",
				);
				MACOSX_DEPLOYMENT_TARGET = 12.3;
				MARKETING_VERSION = 1.0;
				PRODUCT_BUNDLE_IDENTIFIER = com.pokedex.app.Infra;
				PRODUCT_NAME = "$(TARGET_NAME:c99extidentifier)";
				SDKROOT = macosx;
				SKIP_INSTALL = YES;
				SWIFT_EMIT_LOC_STRINGS = YES;
				SWIFT_OPTIMIZATION_LEVEL = "-Onone";
				SWIFT_VERSION = 5.0;
			};
			name = Debug;
		};
		8B88189927FD03E200910B88 /* Release */ = {
			isa = XCBuildConfiguration;
			buildSettings = {
				CLANG_ENABLE_MODULES = YES;
				CODE_SIGN_STYLE = Automatic;
				COMBINE_HIDPI_IMAGES = YES;
				CURRENT_PROJECT_VERSION = 1;
				DEFINES_MODULE = YES;
				DYLIB_COMPATIBILITY_VERSION = 1;
				DYLIB_CURRENT_VERSION = 1;
				DYLIB_INSTALL_NAME_BASE = "@rpath";
				GENERATE_INFOPLIST_FILE = YES;
				INFOPLIST_KEY_NSHumanReadableCopyright = "";
				INSTALL_PATH = "$(LOCAL_LIBRARY_DIR)/Frameworks";
				LD_RUNPATH_SEARCH_PATHS = (
					"$(inherited)",
					"@executable_path/../Frameworks",
					"@loader_path/Frameworks",
				);
				MACOSX_DEPLOYMENT_TARGET = 12.3;
				MARKETING_VERSION = 1.0;
				PRODUCT_BUNDLE_IDENTIFIER = com.pokedex.app.Infra;
				PRODUCT_NAME = "$(TARGET_NAME:c99extidentifier)";
				SDKROOT = macosx;
				SKIP_INSTALL = YES;
				SWIFT_EMIT_LOC_STRINGS = YES;
				SWIFT_VERSION = 5.0;
			};
			name = Release;
		};
		8B88189B27FD03E200910B88 /* Debug */ = {
			isa = XCBuildConfiguration;
			buildSettings = {
				ALWAYS_EMBED_SWIFT_STANDARD_LIBRARIES = YES;
				CODE_SIGN_STYLE = Automatic;
				CURRENT_PROJECT_VERSION = 1;
				GENERATE_INFOPLIST_FILE = YES;
				MACOSX_DEPLOYMENT_TARGET = 12.3;
				MARKETING_VERSION = 1.0;
				PRODUCT_BUNDLE_IDENTIFIER = com.pokedex.app.InfraTests;
				PRODUCT_NAME = "$(TARGET_NAME)";
				SDKROOT = macosx;
				SWIFT_EMIT_LOC_STRINGS = NO;
				SWIFT_VERSION = 5.0;
			};
			name = Debug;
		};
		8B88189C27FD03E200910B88 /* Release */ = {
			isa = XCBuildConfiguration;
			buildSettings = {
				ALWAYS_EMBED_SWIFT_STANDARD_LIBRARIES = YES;
				CODE_SIGN_STYLE = Automatic;
				CURRENT_PROJECT_VERSION = 1;
				GENERATE_INFOPLIST_FILE = YES;
				MACOSX_DEPLOYMENT_TARGET = 12.3;
				MARKETING_VERSION = 1.0;
				PRODUCT_BUNDLE_IDENTIFIER = com.pokedex.app.InfraTests;
				PRODUCT_NAME = "$(TARGET_NAME)";
				SDKROOT = macosx;
				SWIFT_EMIT_LOC_STRINGS = NO;
				SWIFT_VERSION = 5.0;
			};
			name = Release;
		};
		8B8D5E8727FC78A3008D34D1 /* Debug */ = {
			isa = XCBuildConfiguration;
			buildSettings = {
				ALWAYS_SEARCH_USER_PATHS = NO;
				CLANG_ANALYZER_NONNULL = YES;
				CLANG_ANALYZER_NUMBER_OBJECT_CONVERSION = YES_AGGRESSIVE;
				CLANG_CXX_LANGUAGE_STANDARD = "gnu++17";
				CLANG_ENABLE_MODULES = YES;
				CLANG_ENABLE_OBJC_ARC = YES;
				CLANG_ENABLE_OBJC_WEAK = YES;
				CLANG_WARN_BLOCK_CAPTURE_AUTORELEASING = YES;
				CLANG_WARN_BOOL_CONVERSION = YES;
				CLANG_WARN_COMMA = YES;
				CLANG_WARN_CONSTANT_CONVERSION = YES;
				CLANG_WARN_DEPRECATED_OBJC_IMPLEMENTATIONS = YES;
				CLANG_WARN_DIRECT_OBJC_ISA_USAGE = YES_ERROR;
				CLANG_WARN_DOCUMENTATION_COMMENTS = YES;
				CLANG_WARN_EMPTY_BODY = YES;
				CLANG_WARN_ENUM_CONVERSION = YES;
				CLANG_WARN_INFINITE_RECURSION = YES;
				CLANG_WARN_INT_CONVERSION = YES;
				CLANG_WARN_NON_LITERAL_NULL_CONVERSION = YES;
				CLANG_WARN_OBJC_IMPLICIT_RETAIN_SELF = YES;
				CLANG_WARN_OBJC_LITERAL_CONVERSION = YES;
				CLANG_WARN_OBJC_ROOT_CLASS = YES_ERROR;
				CLANG_WARN_QUOTED_INCLUDE_IN_FRAMEWORK_HEADER = YES;
				CLANG_WARN_RANGE_LOOP_ANALYSIS = YES;
				CLANG_WARN_STRICT_PROTOTYPES = YES;
				CLANG_WARN_SUSPICIOUS_MOVE = YES;
				CLANG_WARN_UNGUARDED_AVAILABILITY = YES_AGGRESSIVE;
				CLANG_WARN_UNREACHABLE_CODE = YES;
				CLANG_WARN__DUPLICATE_METHOD_MATCH = YES;
				COPY_PHASE_STRIP = NO;
				CURRENT_PROJECT_VERSION = 1;
				DEBUG_INFORMATION_FORMAT = dwarf;
				ENABLE_STRICT_OBJC_MSGSEND = YES;
				ENABLE_TESTABILITY = YES;
				GCC_C_LANGUAGE_STANDARD = gnu11;
				GCC_DYNAMIC_NO_PIC = NO;
				GCC_NO_COMMON_BLOCKS = YES;
				GCC_OPTIMIZATION_LEVEL = 0;
				GCC_PREPROCESSOR_DEFINITIONS = (
					"DEBUG=1",
					"$(inherited)",
				);
				GCC_WARN_64_TO_32_BIT_CONVERSION = YES;
				GCC_WARN_ABOUT_RETURN_TYPE = YES_ERROR;
				GCC_WARN_UNDECLARED_SELECTOR = YES;
				GCC_WARN_UNINITIALIZED_AUTOS = YES_AGGRESSIVE;
				GCC_WARN_UNUSED_FUNCTION = YES;
				GCC_WARN_UNUSED_VARIABLE = YES;
				IPHONEOS_DEPLOYMENT_TARGET = 15.4;
				MTL_ENABLE_DEBUG_INFO = INCLUDE_SOURCE;
				MTL_FAST_MATH = YES;
				ONLY_ACTIVE_ARCH = YES;
				SDKROOT = iphoneos;
				SWIFT_ACTIVE_COMPILATION_CONDITIONS = DEBUG;
				SWIFT_OPTIMIZATION_LEVEL = "-Onone";
				VERSIONING_SYSTEM = "apple-generic";
				VERSION_INFO_PREFIX = "";
			};
			name = Debug;
		};
		8B8D5E8827FC78A3008D34D1 /* Release */ = {
			isa = XCBuildConfiguration;
			buildSettings = {
				ALWAYS_SEARCH_USER_PATHS = NO;
				CLANG_ANALYZER_NONNULL = YES;
				CLANG_ANALYZER_NUMBER_OBJECT_CONVERSION = YES_AGGRESSIVE;
				CLANG_CXX_LANGUAGE_STANDARD = "gnu++17";
				CLANG_ENABLE_MODULES = YES;
				CLANG_ENABLE_OBJC_ARC = YES;
				CLANG_ENABLE_OBJC_WEAK = YES;
				CLANG_WARN_BLOCK_CAPTURE_AUTORELEASING = YES;
				CLANG_WARN_BOOL_CONVERSION = YES;
				CLANG_WARN_COMMA = YES;
				CLANG_WARN_CONSTANT_CONVERSION = YES;
				CLANG_WARN_DEPRECATED_OBJC_IMPLEMENTATIONS = YES;
				CLANG_WARN_DIRECT_OBJC_ISA_USAGE = YES_ERROR;
				CLANG_WARN_DOCUMENTATION_COMMENTS = YES;
				CLANG_WARN_EMPTY_BODY = YES;
				CLANG_WARN_ENUM_CONVERSION = YES;
				CLANG_WARN_INFINITE_RECURSION = YES;
				CLANG_WARN_INT_CONVERSION = YES;
				CLANG_WARN_NON_LITERAL_NULL_CONVERSION = YES;
				CLANG_WARN_OBJC_IMPLICIT_RETAIN_SELF = YES;
				CLANG_WARN_OBJC_LITERAL_CONVERSION = YES;
				CLANG_WARN_OBJC_ROOT_CLASS = YES_ERROR;
				CLANG_WARN_QUOTED_INCLUDE_IN_FRAMEWORK_HEADER = YES;
				CLANG_WARN_RANGE_LOOP_ANALYSIS = YES;
				CLANG_WARN_STRICT_PROTOTYPES = YES;
				CLANG_WARN_SUSPICIOUS_MOVE = YES;
				CLANG_WARN_UNGUARDED_AVAILABILITY = YES_AGGRESSIVE;
				CLANG_WARN_UNREACHABLE_CODE = YES;
				CLANG_WARN__DUPLICATE_METHOD_MATCH = YES;
				COPY_PHASE_STRIP = NO;
				CURRENT_PROJECT_VERSION = 1;
				DEBUG_INFORMATION_FORMAT = "dwarf-with-dsym";
				ENABLE_NS_ASSERTIONS = NO;
				ENABLE_STRICT_OBJC_MSGSEND = YES;
				GCC_C_LANGUAGE_STANDARD = gnu11;
				GCC_NO_COMMON_BLOCKS = YES;
				GCC_WARN_64_TO_32_BIT_CONVERSION = YES;
				GCC_WARN_ABOUT_RETURN_TYPE = YES_ERROR;
				GCC_WARN_UNDECLARED_SELECTOR = YES;
				GCC_WARN_UNINITIALIZED_AUTOS = YES_AGGRESSIVE;
				GCC_WARN_UNUSED_FUNCTION = YES;
				GCC_WARN_UNUSED_VARIABLE = YES;
				IPHONEOS_DEPLOYMENT_TARGET = 15.4;
				MTL_ENABLE_DEBUG_INFO = NO;
				MTL_FAST_MATH = YES;
				SDKROOT = iphoneos;
				SWIFT_COMPILATION_MODE = wholemodule;
				SWIFT_OPTIMIZATION_LEVEL = "-O";
				VALIDATE_PRODUCT = YES;
				VERSIONING_SYSTEM = "apple-generic";
				VERSION_INFO_PREFIX = "";
			};
			name = Release;
		};
		8B8D5E9627FC78F8008D34D1 /* Debug */ = {
			isa = XCBuildConfiguration;
			buildSettings = {
				CLANG_ENABLE_MODULES = YES;
				CODE_SIGN_STYLE = Automatic;
				COMBINE_HIDPI_IMAGES = YES;
				CURRENT_PROJECT_VERSION = 1;
				DEFINES_MODULE = YES;
				DYLIB_COMPATIBILITY_VERSION = 1;
				DYLIB_CURRENT_VERSION = 1;
				DYLIB_INSTALL_NAME_BASE = "@rpath";
				GENERATE_INFOPLIST_FILE = YES;
				INFOPLIST_KEY_NSHumanReadableCopyright = "";
				INSTALL_PATH = "$(LOCAL_LIBRARY_DIR)/Frameworks";
				LD_RUNPATH_SEARCH_PATHS = (
					"$(inherited)",
					"@executable_path/../Frameworks",
					"@loader_path/Frameworks",
				);
				MACOSX_DEPLOYMENT_TARGET = 12.3;
				MARKETING_VERSION = 1.0;
				PRODUCT_BUNDLE_IDENTIFIER = com.pokedex.app.Domain;
				PRODUCT_NAME = "$(TARGET_NAME:c99extidentifier)";
				SDKROOT = macosx;
				SKIP_INSTALL = YES;
				SWIFT_EMIT_LOC_STRINGS = YES;
				SWIFT_OPTIMIZATION_LEVEL = "-Onone";
				SWIFT_VERSION = 5.0;
			};
			name = Debug;
		};
		8B8D5E9727FC78F8008D34D1 /* Release */ = {
			isa = XCBuildConfiguration;
			buildSettings = {
				CLANG_ENABLE_MODULES = YES;
				CODE_SIGN_STYLE = Automatic;
				COMBINE_HIDPI_IMAGES = YES;
				CURRENT_PROJECT_VERSION = 1;
				DEFINES_MODULE = YES;
				DYLIB_COMPATIBILITY_VERSION = 1;
				DYLIB_CURRENT_VERSION = 1;
				DYLIB_INSTALL_NAME_BASE = "@rpath";
				GENERATE_INFOPLIST_FILE = YES;
				INFOPLIST_KEY_NSHumanReadableCopyright = "";
				INSTALL_PATH = "$(LOCAL_LIBRARY_DIR)/Frameworks";
				LD_RUNPATH_SEARCH_PATHS = (
					"$(inherited)",
					"@executable_path/../Frameworks",
					"@loader_path/Frameworks",
				);
				MACOSX_DEPLOYMENT_TARGET = 12.3;
				MARKETING_VERSION = 1.0;
				PRODUCT_BUNDLE_IDENTIFIER = com.pokedex.app.Domain;
				PRODUCT_NAME = "$(TARGET_NAME:c99extidentifier)";
				SDKROOT = macosx;
				SKIP_INSTALL = YES;
				SWIFT_EMIT_LOC_STRINGS = YES;
				SWIFT_VERSION = 5.0;
			};
			name = Release;
		};
		8B8D5EB127FC7EEC008D34D1 /* Debug */ = {
			isa = XCBuildConfiguration;
			buildSettings = {
				CLANG_ENABLE_MODULES = YES;
				CODE_SIGN_STYLE = Automatic;
				COMBINE_HIDPI_IMAGES = YES;
				CURRENT_PROJECT_VERSION = 1;
				DEFINES_MODULE = YES;
				DYLIB_COMPATIBILITY_VERSION = 1;
				DYLIB_CURRENT_VERSION = 1;
				DYLIB_INSTALL_NAME_BASE = "@rpath";
				GENERATE_INFOPLIST_FILE = YES;
				INFOPLIST_KEY_NSHumanReadableCopyright = "";
				INSTALL_PATH = "$(LOCAL_LIBRARY_DIR)/Frameworks";
				LD_RUNPATH_SEARCH_PATHS = (
					"$(inherited)",
					"@executable_path/../Frameworks",
					"@loader_path/Frameworks",
				);
				MACOSX_DEPLOYMENT_TARGET = 12.3;
				MARKETING_VERSION = 1.0;
				PRODUCT_BUNDLE_IDENTIFIER = com.pokedex.app.Data;
				PRODUCT_NAME = "$(TARGET_NAME:c99extidentifier)";
				SDKROOT = macosx;
				SKIP_INSTALL = YES;
				SWIFT_EMIT_LOC_STRINGS = YES;
				SWIFT_OPTIMIZATION_LEVEL = "-Onone";
				SWIFT_VERSION = 5.0;
			};
			name = Debug;
		};
		8B8D5EB227FC7EEC008D34D1 /* Release */ = {
			isa = XCBuildConfiguration;
			buildSettings = {
				CLANG_ENABLE_MODULES = YES;
				CODE_SIGN_STYLE = Automatic;
				COMBINE_HIDPI_IMAGES = YES;
				CURRENT_PROJECT_VERSION = 1;
				DEFINES_MODULE = YES;
				DYLIB_COMPATIBILITY_VERSION = 1;
				DYLIB_CURRENT_VERSION = 1;
				DYLIB_INSTALL_NAME_BASE = "@rpath";
				GENERATE_INFOPLIST_FILE = YES;
				INFOPLIST_KEY_NSHumanReadableCopyright = "";
				INSTALL_PATH = "$(LOCAL_LIBRARY_DIR)/Frameworks";
				LD_RUNPATH_SEARCH_PATHS = (
					"$(inherited)",
					"@executable_path/../Frameworks",
					"@loader_path/Frameworks",
				);
				MACOSX_DEPLOYMENT_TARGET = 12.3;
				MARKETING_VERSION = 1.0;
				PRODUCT_BUNDLE_IDENTIFIER = com.pokedex.app.Data;
				PRODUCT_NAME = "$(TARGET_NAME:c99extidentifier)";
				SDKROOT = macosx;
				SKIP_INSTALL = YES;
				SWIFT_EMIT_LOC_STRINGS = YES;
				SWIFT_VERSION = 5.0;
			};
			name = Release;
		};
		8B8D5EB427FC7EEC008D34D1 /* Debug */ = {
			isa = XCBuildConfiguration;
			buildSettings = {
				ALWAYS_EMBED_SWIFT_STANDARD_LIBRARIES = YES;
				CODE_SIGN_STYLE = Automatic;
				CURRENT_PROJECT_VERSION = 1;
				GENERATE_INFOPLIST_FILE = YES;
				MACOSX_DEPLOYMENT_TARGET = 12.3;
				MARKETING_VERSION = 1.0;
				PRODUCT_BUNDLE_IDENTIFIER = com.pokedex.app.DataTests;
				PRODUCT_NAME = "$(TARGET_NAME)";
				SDKROOT = macosx;
				SWIFT_EMIT_LOC_STRINGS = NO;
				SWIFT_VERSION = 5.0;
			};
			name = Debug;
		};
		8B8D5EB527FC7EEC008D34D1 /* Release */ = {
			isa = XCBuildConfiguration;
			buildSettings = {
				ALWAYS_EMBED_SWIFT_STANDARD_LIBRARIES = YES;
				CODE_SIGN_STYLE = Automatic;
				CURRENT_PROJECT_VERSION = 1;
				GENERATE_INFOPLIST_FILE = YES;
				MACOSX_DEPLOYMENT_TARGET = 12.3;
				MARKETING_VERSION = 1.0;
				PRODUCT_BUNDLE_IDENTIFIER = com.pokedex.app.DataTests;
				PRODUCT_NAME = "$(TARGET_NAME)";
				SDKROOT = macosx;
				SWIFT_EMIT_LOC_STRINGS = NO;
				SWIFT_VERSION = 5.0;
			};
			name = Release;
		};
		8BDC6FBE2818C388003E29DD /* Debug */ = {
			isa = XCBuildConfiguration;
			buildSettings = {
				CODE_SIGN_STYLE = Automatic;
				COMBINE_HIDPI_IMAGES = YES;
				CURRENT_PROJECT_VERSION = 1;
				DEFINES_MODULE = YES;
				DYLIB_COMPATIBILITY_VERSION = 1;
				DYLIB_CURRENT_VERSION = 1;
				DYLIB_INSTALL_NAME_BASE = "@rpath";
				GENERATE_INFOPLIST_FILE = YES;
				INFOPLIST_KEY_NSHumanReadableCopyright = "";
				INSTALL_PATH = "$(LOCAL_LIBRARY_DIR)/Frameworks";
				LD_RUNPATH_SEARCH_PATHS = (
					"$(inherited)",
					"@executable_path/../Frameworks",
					"@loader_path/Frameworks",
				);
				MACOSX_DEPLOYMENT_TARGET = 12.3;
				MARKETING_VERSION = 1.0;
				PRODUCT_BUNDLE_IDENTIFIER = com.pokedex.app.Presentation;
				PRODUCT_NAME = "$(TARGET_NAME:c99extidentifier)";
				SDKROOT = macosx;
				SKIP_INSTALL = YES;
				SWIFT_EMIT_LOC_STRINGS = YES;
				SWIFT_VERSION = 5.0;
			};
			name = Debug;
		};
		8BDC6FBF2818C388003E29DD /* Release */ = {
			isa = XCBuildConfiguration;
			buildSettings = {
				CODE_SIGN_STYLE = Automatic;
				COMBINE_HIDPI_IMAGES = YES;
				CURRENT_PROJECT_VERSION = 1;
				DEFINES_MODULE = YES;
				DYLIB_COMPATIBILITY_VERSION = 1;
				DYLIB_CURRENT_VERSION = 1;
				DYLIB_INSTALL_NAME_BASE = "@rpath";
				GENERATE_INFOPLIST_FILE = YES;
				INFOPLIST_KEY_NSHumanReadableCopyright = "";
				INSTALL_PATH = "$(LOCAL_LIBRARY_DIR)/Frameworks";
				LD_RUNPATH_SEARCH_PATHS = (
					"$(inherited)",
					"@executable_path/../Frameworks",
					"@loader_path/Frameworks",
				);
				MACOSX_DEPLOYMENT_TARGET = 12.3;
				MARKETING_VERSION = 1.0;
				PRODUCT_BUNDLE_IDENTIFIER = com.pokedex.app.Presentation;
				PRODUCT_NAME = "$(TARGET_NAME:c99extidentifier)";
				SDKROOT = macosx;
				SKIP_INSTALL = YES;
				SWIFT_EMIT_LOC_STRINGS = YES;
				SWIFT_VERSION = 5.0;
			};
			name = Release;
		};
		8BDC6FC02818C388003E29DD /* Debug */ = {
			isa = XCBuildConfiguration;
			buildSettings = {
				CODE_SIGN_STYLE = Automatic;
				CURRENT_PROJECT_VERSION = 1;
				GENERATE_INFOPLIST_FILE = YES;
				MACOSX_DEPLOYMENT_TARGET = 12.3;
				MARKETING_VERSION = 1.0;
				PRODUCT_BUNDLE_IDENTIFIER = com.pokedex.app.PresentationTests;
				PRODUCT_NAME = "$(TARGET_NAME)";
				SDKROOT = macosx;
				SWIFT_EMIT_LOC_STRINGS = NO;
				SWIFT_VERSION = 5.0;
			};
			name = Debug;
		};
		8BDC6FC12818C388003E29DD /* Release */ = {
			isa = XCBuildConfiguration;
			buildSettings = {
				CODE_SIGN_STYLE = Automatic;
				CURRENT_PROJECT_VERSION = 1;
				GENERATE_INFOPLIST_FILE = YES;
				MACOSX_DEPLOYMENT_TARGET = 12.3;
				MARKETING_VERSION = 1.0;
				PRODUCT_BUNDLE_IDENTIFIER = com.pokedex.app.PresentationTests;
				PRODUCT_NAME = "$(TARGET_NAME)";
				SDKROOT = macosx;
				SWIFT_EMIT_LOC_STRINGS = NO;
				SWIFT_VERSION = 5.0;
			};
			name = Release;
		};
/* End XCBuildConfiguration section */

/* Begin XCConfigurationList section */
		8B01624A2800C2EB00E5F1C1 /* Build configuration list for PBXNativeTarget "UseCasesIntegrationTests" */ = {
			isa = XCConfigurationList;
			buildConfigurations = (
				8B01624B2800C2EB00E5F1C1 /* Debug */,
				8B01624C2800C2EB00E5F1C1 /* Release */,
			);
			defaultConfigurationIsVisible = 0;
			defaultConfigurationName = Release;
		};
		8B88189727FD03E200910B88 /* Build configuration list for PBXNativeTarget "Infra" */ = {
			isa = XCConfigurationList;
			buildConfigurations = (
				8B88189827FD03E200910B88 /* Debug */,
				8B88189927FD03E200910B88 /* Release */,
			);
			defaultConfigurationIsVisible = 0;
			defaultConfigurationName = Release;
		};
		8B88189A27FD03E200910B88 /* Build configuration list for PBXNativeTarget "InfraTests" */ = {
			isa = XCConfigurationList;
			buildConfigurations = (
				8B88189B27FD03E200910B88 /* Debug */,
				8B88189C27FD03E200910B88 /* Release */,
			);
			defaultConfigurationIsVisible = 0;
			defaultConfigurationName = Release;
		};
		8B8D5E7C27FC78A3008D34D1 /* Build configuration list for PBXProject "PokemonApp" */ = {
			isa = XCConfigurationList;
			buildConfigurations = (
				8B8D5E8727FC78A3008D34D1 /* Debug */,
				8B8D5E8827FC78A3008D34D1 /* Release */,
			);
			defaultConfigurationIsVisible = 0;
			defaultConfigurationName = Release;
		};
		8B8D5E9527FC78F8008D34D1 /* Build configuration list for PBXNativeTarget "Domain" */ = {
			isa = XCConfigurationList;
			buildConfigurations = (
				8B8D5E9627FC78F8008D34D1 /* Debug */,
				8B8D5E9727FC78F8008D34D1 /* Release */,
			);
			defaultConfigurationIsVisible = 0;
			defaultConfigurationName = Release;
		};
		8B8D5EB027FC7EEC008D34D1 /* Build configuration list for PBXNativeTarget "Data" */ = {
			isa = XCConfigurationList;
			buildConfigurations = (
				8B8D5EB127FC7EEC008D34D1 /* Debug */,
				8B8D5EB227FC7EEC008D34D1 /* Release */,
			);
			defaultConfigurationIsVisible = 0;
			defaultConfigurationName = Release;
		};
		8B8D5EB327FC7EEC008D34D1 /* Build configuration list for PBXNativeTarget "DataTests" */ = {
			isa = XCConfigurationList;
			buildConfigurations = (
				8B8D5EB427FC7EEC008D34D1 /* Debug */,
				8B8D5EB527FC7EEC008D34D1 /* Release */,
			);
			defaultConfigurationIsVisible = 0;
			defaultConfigurationName = Release;
		};
		8BDC6FC22818C388003E29DD /* Build configuration list for PBXNativeTarget "Presentation" */ = {
			isa = XCConfigurationList;
			buildConfigurations = (
				8BDC6FBE2818C388003E29DD /* Debug */,
				8BDC6FBF2818C388003E29DD /* Release */,
			);
			defaultConfigurationIsVisible = 0;
			defaultConfigurationName = Release;
		};
		8BDC6FC32818C388003E29DD /* Build configuration list for PBXNativeTarget "PresentationTests" */ = {
			isa = XCConfigurationList;
			buildConfigurations = (
				8BDC6FC02818C388003E29DD /* Debug */,
				8BDC6FC12818C388003E29DD /* Release */,
			);
			defaultConfigurationIsVisible = 0;
			defaultConfigurationName = Release;
		};
/* End XCConfigurationList section */

/* Begin XCRemoteSwiftPackageReference section */
		8B8818A327FD053500910B88 /* XCRemoteSwiftPackageReference "Alamofire" */ = {
			isa = XCRemoteSwiftPackageReference;
			repositoryURL = "https://github.com/Alamofire/Alamofire.git";
			requirement = {
				kind = upToNextMajorVersion;
				minimumVersion = 5.0.0;
			};
		};
		8B8818A827FDE6AD00910B88 /* XCRemoteSwiftPackageReference "Alamofire" */ = {
			isa = XCRemoteSwiftPackageReference;
			repositoryURL = "https://github.com/Alamofire/Alamofire.git";
			requirement = {
				kind = upToNextMajorVersion;
				minimumVersion = 5.0.0;
			};
		};
/* End XCRemoteSwiftPackageReference section */

/* Begin XCSwiftPackageProductDependency section */
		8B8818A427FD053500910B88 /* Alamofire */ = {
			isa = XCSwiftPackageProductDependency;
			package = 8B8818A327FD053500910B88 /* XCRemoteSwiftPackageReference "Alamofire" */;
			productName = Alamofire;
		};
		8B8818A927FDE6AD00910B88 /* Alamofire */ = {
			isa = XCSwiftPackageProductDependency;
			package = 8B8818A327FD053500910B88 /* XCRemoteSwiftPackageReference "Alamofire" */;
			productName = Alamofire;
		};
/* End XCSwiftPackageProductDependency section */
	};
	rootObject = 8B8D5E7927FC78A3008D34D1 /* Project object */;
}
